
Microsoft Visual Studio Solution File, Format Version 12.00
# Visual Studio 15
VisualStudioVersion = 15.0.28010.2036
MinimumVisualStudioVersion = 10.0.40219.1
Project("{8BC9CEB8-8B4A-11D0-8D11-00A0C91BC942}") = "L1a", "L1a\L1a.vcxproj", "{2B839076-B200-4AAC-A454-D2A60B64B67E}"
EndProject
Project("{8BC9CEB8-8B4A-11D0-8D11-00A0C91BC942}") = "L1b", "L1b\L1b.vcxproj", "{0A04D843-5ACD-4D16-8F51-F36C49F3A80B}"
EndProject
Project("{8BC9CEB8-8B4A-11D0-8D11-00A0C91BC942}") = "L2a", "L2a\L2a.vcxproj", "{C709CE85-8FE8-49C0-9CF0-EBC0749E1440}"
EndProject
Project("{8BC9CEB8-8B4A-11D0-8D11-00A0C91BC942}") = "L2b", "L2b\L2b.vcxproj", "{107BD627-7A95-4E24-854D-7D5016F91697}"
EndProject
Project("{8BC9CEB8-8B4A-11D0-8D11-00A0C91BC942}") = "L2g", "L2g\L2g.vcxproj", "{1DFC77A0-C884-4B74-84EE-01D73CD2F1C4}"
EndProject
Project("{8BC9CEB8-8B4A-11D0-8D11-00A0C91BC942}") = "L3a", "L3a\L3a.vcxproj", "{10E950EF-C26B-40DB-81E9-A102402B5CB6}"
EndProject
Global
	GlobalSection(SolutionConfigurationPlatforms) = preSolution
		Debug|x64 = Debug|x64
		Debug|x86 = Debug|x86
		Release|x64 = Release|x64
		Release|x86 = Release|x86
	EndGlobalSection
	GlobalSection(ProjectConfigurationPlatforms) = postSolution
		{2B839076-B200-4AAC-A454-D2A60B64B67E}.Debug|x64.ActiveCfg = Debug|x64
		{2B839076-B200-4AAC-A454-D2A60B64B67E}.Debug|x64.Build.0 = Debug|x64
		{2B839076-B200-4AAC-A454-D2A60B64B67E}.Debug|x86.ActiveCfg = Debug|Win32
		{2B839076-B200-4AAC-A454-D2A60B64B67E}.Debug|x86.Build.0 = Debug|Win32
		{2B839076-B200-4AAC-A454-D2A60B64B67E}.Release|x64.ActiveCfg = Release|x64
		{2B839076-B200-4AAC-A454-D2A60B64B67E}.Release|x64.Build.0 = Release|x64
		{2B839076-B200-4AAC-A454-D2A60B64B67E}.Release|x86.ActiveCfg = Release|Win32
		{2B839076-B200-4AAC-A454-D2A60B64B67E}.Release|x86.Build.0 = Release|Win32
		{0A04D843-5ACD-4D16-8F51-F36C49F3A80B}.Debug|x64.ActiveCfg = Debug|x64
		{0A04D843-5ACD-4D16-8F51-F36C49F3A80B}.Debug|x64.Build.0 = Debug|x64
		{0A04D843-5ACD-4D16-8F51-F36C49F3A80B}.Debug|x86.ActiveCfg = Debug|Win32
		{0A04D843-5ACD-4D16-8F51-F36C49F3A80B}.Debug|x86.Build.0 = Debug|Win32
		{0A04D843-5ACD-4D16-8F51-F36C49F3A80B}.Release|x64.ActiveCfg = Release|x64
		{0A04D843-5ACD-4D16-8F51-F36C49F3A80B}.Release|x64.Build.0 = Release|x64
		{0A04D843-5ACD-4D16-8F51-F36C49F3A80B}.Release|x86.ActiveCfg = Release|Win32
		{0A04D843-5ACD-4D16-8F51-F36C49F3A80B}.Release|x86.Build.0 = Release|Win32
		{C709CE85-8FE8-49C0-9CF0-EBC0749E1440}.Debug|x64.ActiveCfg = Debug|x64
		{C709CE85-8FE8-49C0-9CF0-EBC0749E1440}.Debug|x64.Build.0 = Debug|x64
		{C709CE85-8FE8-49C0-9CF0-EBC0749E1440}.Debug|x86.ActiveCfg = Debug|Win32
		{C709CE85-8FE8-49C0-9CF0-EBC0749E1440}.Debug|x86.Build.0 = Debug|Win32
		{C709CE85-8FE8-49C0-9CF0-EBC0749E1440}.Release|x64.ActiveCfg = Release|x64
		{C709CE85-8FE8-49C0-9CF0-EBC0749E1440}.Release|x64.Build.0 = Release|x64
		{C709CE85-8FE8-49C0-9CF0-EBC0749E1440}.Release|x86.ActiveCfg = Release|Win32
		{C709CE85-8FE8-49C0-9CF0-EBC0749E1440}.Release|x86.Build.0 = Release|Win32
		{107BD627-7A95-4E24-854D-7D5016F91697}.Debug|x64.ActiveCfg = Debug|x64
		{107BD627-7A95-4E24-854D-7D5016F91697}.Debug|x64.Build.0 = Debug|x64
		{107BD627-7A95-4E24-854D-7D5016F91697}.Debug|x86.ActiveCfg = Debug|Win32
		{107BD627-7A95-4E24-854D-7D5016F91697}.Debug|x86.Build.0 = Debug|Win32
		{107BD627-7A95-4E24-854D-7D5016F91697}.Release|x64.ActiveCfg = Release|x64
		{107BD627-7A95-4E24-854D-7D5016F91697}.Release|x64.Build.0 = Release|x64
		{107BD627-7A95-4E24-854D-7D5016F91697}.Release|x86.ActiveCfg = Release|Win32
		{107BD627-7A95-4E24-854D-7D5016F91697}.Release|x86.Build.0 = Release|Win32
		{1DFC77A0-C884-4B74-84EE-01D73CD2F1C4}.Debug|x64.ActiveCfg = Debug|x64
		{1DFC77A0-C884-4B74-84EE-01D73CD2F1C4}.Debug|x64.Build.0 = Debug|x64
		{1DFC77A0-C884-4B74-84EE-01D73CD2F1C4}.Debug|x86.ActiveCfg = Debug|Win32
		{1DFC77A0-C884-4B74-84EE-01D73CD2F1C4}.Debug|x86.Build.0 = Debug|Win32
		{1DFC77A0-C884-4B74-84EE-01D73CD2F1C4}.Release|x64.ActiveCfg = Release|x64
		{1DFC77A0-C884-4B74-84EE-01D73CD2F1C4}.Release|x64.Build.0 = Release|x64
		{1DFC77A0-C884-4B74-84EE-01D73CD2F1C4}.Release|x86.ActiveCfg = Release|Win32
		{1DFC77A0-C884-4B74-84EE-01D73CD2F1C4}.Release|x86.Build.0 = Release|Win32
		{10E950EF-C26B-40DB-81E9-A102402B5CB6}.Debug|x64.ActiveCfg = Debug|x64
		{10E950EF-C26B-40DB-81E9-A102402B5CB6}.Debug|x64.Build.0 = Debug|x64
		{10E950EF-C26B-40DB-81E9-A102402B5CB6}.Debug|x86.ActiveCfg = Debug|Win32
		{10E950EF-C26B-40DB-81E9-A102402B5CB6}.Debug|x86.Build.0 = Debug|Win32
		{10E950EF-C26B-40DB-81E9-A102402B5CB6}.Release|x64.ActiveCfg = Release|x64
		{10E950EF-C26B-40DB-81E9-A102402B5CB6}.Release|x64.Build.0 = Release|x64
		{10E950EF-C26B-40DB-81E9-A102402B5CB6}.Release|x86.ActiveCfg = Release|Win32
		{10E950EF-C26B-40DB-81E9-A102402B5CB6}.Release|x86.Build.0 = Release|Win32
	EndGlobalSection
	GlobalSection(SolutionProperties) = preSolution
		HideSolutionNode = FALSE
	EndGlobalSection
	GlobalSection(ExtensibilityGlobals) = postSolution
		SolutionGuid = {9715850E-A877-4239-8BDC-AEBBCED08FA8}
	EndGlobalSection
EndGlobal
